symfony v2.0.12
twig v1.6.2
monolog 1.0.2
doctrine-common 2.1.4
doctrine-dbal 2.1.6
doctrine 2.1.6
swiftmailer v4.1.5
assetic v1.0.3
twig-extensions feb6d3f10c411e2631997c0a905aa581c80305c1
metadata 1.0.0
SensioFrameworkExtraBundle 85911039aca2ef39805640d9238c7157d8c30d2e
JMSSecurityExtraBundle e752f888c51425f71382c056961f10f2be642102
SensioDistributionBundle 41a6c5caed65f02bb09c95a90579f047616471fd
SensioGeneratorBundle c0118ce370f8da20e43051f2dd1ae331a202ab9c
AsseticBundle v1.0.1
FOSUserBundle 1.2.0
doctrine-fixtures 779c3dfe446b6da893be87b908d6be28345d1e01
DoctrineFixturesBundle a66be2f077f3a4e5c3801b356b42b8782f1abbd6
Imagine a9e70ca4c5f08630604caaa02359c3809247f616
AvalancheImagineBundle 4faa253231cb42a231311eaa314e88479517be1a
FOSJsRoutingBundle 69a8b5cb437ce415a72ad12274bb59a06b2c0cf5
buzz 2ba5da13b1b03590f0164b3fb61578078d671fcc
geocoder 4d045561ca04ff6d1f2a218644c708727437afdf
IvoryGoogleMapBundle e2356d81f4fb440ed689b045705d7a5fdc37dc5f
FOSFacebookBundle a3602d2bca947dd7c942042a86293624370419ed
FacebookSDK 5e14dc3729ba52bd4ee188ffc202611250b2e8f8
LexikMaintenanceBundle 389395a9be031942242562d9d4aa47236c33285b
VichUploaderBundle v0.4.0
UploadBundle c2614807200273e8682a82ec267658ab87dd8d5c

